// !$*UTF8*$!
{
	archiveVersion = 1;
	classes = {
	};
	objectVersion = 46;
	objects = {

/* Begin PBXBuildFile section */
		CC4DAD361999E7A4001A4CBE /* AppDelegate.swift in Sources */ = {isa = PBXBuildFile; fileRef = CC4DAD351999E7A4001A4CBE /* AppDelegate.swift */; };
		CC4DAD381999E7A4001A4CBE /* ViewController.swift in Sources */ = {isa = PBXBuildFile; fileRef = CC4DAD371999E7A4001A4CBE /* ViewController.swift */; };
		CC4DAD3B1999E7A4001A4CBE /* Main.storyboard in Resources */ = {isa = PBXBuildFile; fileRef = CC4DAD391999E7A4001A4CBE /* Main.storyboard */; };
		CC4DAD3D1999E7A4001A4CBE /* Images.xcassets in Resources */ = {isa = PBXBuildFile; fileRef = CC4DAD3C1999E7A4001A4CBE /* Images.xcassets */; };
		CC4DAD491999E7A4001A4CBE /* NaviTestTests.swift in Sources */ = {isa = PBXBuildFile; fileRef = CC4DAD481999E7A4001A4CBE /* NaviTestTests.swift */; };
/* End PBXBuildFile section */

/* Begin PBXContainerItemProxy section */
		CC4DAD431999E7A4001A4CBE /* PBXContainerItemProxy */ = {
			isa = PBXContainerItemProxy;
			containerPortal = CC4DAD281999E7A4001A4CBE /* Project object */;
			proxyType = 1;
			remoteGlobalIDString = CC4DAD2F1999E7A4001A4CBE;
			remoteInfo = NaviTest;
		};
/* End PBXContainerItemProxy section */

/* Begin PBXFileReference section */
		CC4DAD301999E7A4001A4CBE /* NaviTest.app */ = {isa = PBXFileReference; explicitFileType = wrapper.application; includeInIndex = 0; path = NaviTest.app; sourceTree = BUILT_PRODUCTS_DIR; };
		CC4DAD341999E7A4001A4CBE /* Info.plist */ = {isa = PBXFileReference; lastKnownFileType = text.plist.xml; path = Info.plist; sourceTree = "<group>"; };
		CC4DAD351999E7A4001A4CBE /* AppDelegate.swift */ = {isa = PBXFileReference; lastKnownFileType = sourcecode.swift; path = AppDelegate.swift; sourceTree = "<group>"; };
		CC4DAD371999E7A4001A4CBE /* ViewController.swift */ = {isa = PBXFileReference; lastKnownFileType = sourcecode.swift; path = ViewController.swift; sourceTree = "<group>"; };
		CC4DAD3A1999E7A4001A4CBE /* Base */ = {isa = PBXFileReference; lastKnownFileType = file.storyboard; name = Base; path = Base.lproj/Main.storyboard; sourceTree = "<group>"; };
		CC4DAD3C1999E7A4001A4CBE /* Images.xcassets */ = {isa = PBXFileReference; lastKnownFileType = folder.assetcatalog; path = Images.xcassets; sourceTree = "<group>"; };
		CC4DAD421999E7A4001A4CBE /* NaviTestTests.xctest */ = {isa = PBXFileReference; explicitFileType = wrapper.cfbundle; includeInIndex = 0; path = NaviTestTests.xctest; sourceTree = BUILT_PRODUCTS_DIR; };
		CC4DAD471999E7A4001A4CBE /* Info.plist */ = {isa = PBXFileReference; lastKnownFileType = text.plist.xml; path = Info.plist; sourceTree = "<group>"; };
		CC4DAD481999E7A4001A4CBE /* NaviTestTests.swift */ = {isa = PBXFileReference; lastKnownFileType = sourcecode.swift; path = NaviTestTests.swift; sourceTree = "<group>"; };
/* End PBXFileReference section */

/* Begin PBXFrameworksBuildPhase section */
		CC4DAD2D1999E7A4001A4CBE /* Frameworks */ = {
			isa = PBXFrameworksBuildPhase;
			buildActionMask = 2147483647;
			files = (
			);
			runOnlyForDeploymentPostprocessing = 0;
		};
		CC4DAD3F1999E7A4001A4CBE /* Frameworks */ = {
			isa = PBXFrameworksBuildPhase;
			buildActionMask = 2147483647;
			files = (
			);
			runOnlyForDeploymentPostprocessing = 0;
		};
/* End PBXFrameworksBuildPhase section */

/* Begin PBXGroup section */
		CC4DAD271999E7A4001A4CBE = {
			isa = PBXGroup;
			children = (
				CC4DAD321999E7A4001A4CBE /* NaviTest */,
				CC4DAD451999E7A4001A4CBE /* NaviTestTests */,
				CC4DAD311999E7A4001A4CBE /* Products */,
			);
			sourceTree = "<group>";
		};
		CC4DAD311999E7A4001A4CBE /* Products */ = {
			isa = PBXGroup;
			children = (
				CC4DAD301999E7A4001A4CBE /* NaviTest.app */,
				CC4DAD421999E7A4001A4CBE /* NaviTestTests.xctest */,
			);
			name = Products;
			sourceTree = "<group>";
		};
		CC4DAD321999E7A4001A4CBE /* NaviTest */ = {
			isa = PBXGroup;
			children = (
				CC4DAD351999E7A4001A4CBE /* AppDelegate.swift */,
				CC4DAD371999E7A4001A4CBE /* ViewController.swift */,
				CC4DAD391999E7A4001A4CBE /* Main.storyboard */,
				CC4DAD3C1999E7A4001A4CBE /* Images.xcassets */,
				CC4DAD331999E7A4001A4CBE /* Supporting Files */,
			);
			path = NaviTest;
			sourceTree = "<group>";
		};
		CC4DAD331999E7A4001A4CBE /* Supporting Files */ = {
			isa = PBXGroup;
			children = (
				CC4DAD341999E7A4001A4CBE /* Info.plist */,
			);
			name = "Supporting Files";
			sourceTree = "<group>";
		};
		CC4DAD451999E7A4001A4CBE /* NaviTestTests */ = {
			isa = PBXGroup;
			children = (
				CC4DAD481999E7A4001A4CBE /* NaviTestTests.swift */,
				CC4DAD461999E7A4001A4CBE /* Supporting Files */,
			);
			path = NaviTestTests;
			sourceTree = "<group>";
		};
		CC4DAD461999E7A4001A4CBE /* Supporting Files */ = {
			isa = PBXGroup;
			children = (
				CC4DAD471999E7A4001A4CBE /* Info.plist */,
			);
			name = "Supporting Files";
			sourceTree = "<group>";
		};
/* End PBXGroup section */

/* Begin PBXNativeTarget section */
		CC4DAD2F1999E7A4001A4CBE /* NaviTest */ = {
			isa = PBXNativeTarget;
			buildConfigurationList = CC4DAD4C1999E7A4001A4CBE /* Build configuration list for PBXNativeTarget "NaviTest" */;
			buildPhases = (
				CC4DAD2C1999E7A4001A4CBE /* Sources */,
				CC4DAD2D1999E7A4001A4CBE /* Frameworks */,
				CC4DAD2E1999E7A4001A4CBE /* Resources */,
			);
			buildRules = (
			);
			dependencies = (
			);
			name = NaviTest;
			productName = NaviTest;
			productReference = CC4DAD301999E7A4001A4CBE /* NaviTest.app */;
			productType = "com.apple.product-type.application";
		};
		CC4DAD411999E7A4001A4CBE /* NaviTestTests */ = {
			isa = PBXNativeTarget;
			buildConfigurationList = CC4DAD4F1999E7A4001A4CBE /* Build configuration list for PBXNativeTarget "NaviTestTests" */;
			buildPhases = (
				CC4DAD3E1999E7A4001A4CBE /* Sources */,
				CC4DAD3F1999E7A4001A4CBE /* Frameworks */,
				CC4DAD401999E7A4001A4CBE /* Resources */,
			);
			buildRules = (
			);
			dependencies = (
				CC4DAD441999E7A4001A4CBE /* PBXTargetDependency */,
			);
			name = NaviTestTests;
			productName = NaviTestTests;
			productReference = CC4DAD421999E7A4001A4CBE /* NaviTestTests.xctest */;
			productType = "com.apple.product-type.bundle.unit-test";
		};
/* End PBXNativeTarget section */

/* Begin PBXProject section */
		CC4DAD281999E7A4001A4CBE /* Project object */ = {
			isa = PBXProject;
			attributes = {
				LastUpgradeCheck = 0600;
				ORGANIZATIONNAME = mushikago;
				TargetAttributes = {
					CC4DAD2F1999E7A4001A4CBE = {
						CreatedOnToolsVersion = 6.0;
					};
					CC4DAD411999E7A4001A4CBE = {
						CreatedOnToolsVersion = 6.0;
						TestTargetID = CC4DAD2F1999E7A4001A4CBE;
					};
				};
			};
			buildConfigurationList = CC4DAD2B1999E7A4001A4CBE /* Build configuration list for PBXProject "NaviTest" */;
			compatibilityVersion = "Xcode 3.2";
			developmentRegion = English;
			hasScannedForEncodings = 0;
			knownRegions = (
				en,
				Base,
			);
			mainGroup = CC4DAD271999E7A4001A4CBE;
			productRefGroup = CC4DAD311999E7A4001A4CBE /* Products */;
			projectDirPath = "";
			projectRoot = "";
			targets = (
				CC4DAD2F1999E7A4001A4CBE /* NaviTest */,
				CC4DAD411999E7A4001A4CBE /* NaviTestTests */,
			);
		};
/* End PBXProject section */

/* Begin PBXResourcesBuildPhase section */
		CC4DAD2E1999E7A4001A4CBE /* Resources */ = {
			isa = PBXResourcesBuildPhase;
			buildActionMask = 2147483647;
			files = (
				CC4DAD3B1999E7A4001A4CBE /* Main.storyboard in Resources */,
				CC4DAD3D1999E7A4001A4CBE /* Images.xcassets in Resources */,
			);
			runOnlyForDeploymentPostprocessing = 0;
		};
		CC4DAD401999E7A4001A4CBE /* Resources */ = {
			isa = PBXResourcesBuildPhase;
			buildActionMask = 2147483647;
			files = (
			);
			runOnlyForDeploymentPostprocessing = 0;
		};
/* End PBXResourcesBuildPhase section */

/* Begin PBXSourcesBuildPhase section */
		CC4DAD2C1999E7A4001A4CBE /* Sources */ = {
			isa = PBXSourcesBuildPhase;
			buildActionMask = 2147483647;
			files = (
				CC4DAD381999E7A4001A4CBE /* ViewController.swift in Sources */,
				CC4DAD361999E7A4001A4CBE /* AppDelegate.swift in Sources */,
			);
			runOnlyForDeploymentPostprocessing = 0;
		};
		CC4DAD3E1999E7A4001A4CBE /* Sources */ = {
			isa = PBXSourcesBuildPhase;
			buildActionMask = 2147483647;
			files = (
				CC4DAD491999E7A4001A4CBE /* NaviTestTests.swift in Sources */,
			);
			runOnlyForDeploymentPostprocessing = 0;
		};
/* End PBXSourcesBuildPhase section */

/* Begin PBXTargetDependency section */
		CC4DAD441999E7A4001A4CBE /* PBXTargetDependency */ = {
			isa = PBXTargetDependency;
			target = CC4DAD2F1999E7A4001A4CBE /* NaviTest */;
			targetProxy = CC4DAD431999E7A4001A4CBE /* PBXContainerItemProxy */;
		};
/* End PBXTargetDependency section */

/* Begin PBXVariantGroup section */
		CC4DAD391999E7A4001A4CBE /* Main.storyboard */ = {
			isa = PBXVariantGroup;
			children = (
				CC4DAD3A1999E7A4001A4CBE /* Base */,
			);
			name = Main.storyboard;
			sourceTree = "<group>";
		};
/* End PBXVariantGroup section */

/* Begin XCBuildConfiguration section */
		CC4DAD4A1999E7A4001A4CBE /* Debug */ = {
			isa = XCBuildConfiguration;
			buildSettings = {
				ALWAYS_SEARCH_USER_PATHS = NO;
				CLANG_CXX_LANGUAGE_STANDARD = "gnu++0x";
				CLANG_CXX_LIBRARY = "libc++";
				CLANG_ENABLE_MODULES = YES;
				CLANG_ENABLE_OBJC_ARC = YES;
				CLANG_WARN_BOOL_CONVERSION = YES;
				CLANG_WARN_CONSTANT_CONVERSION = YES;
				CLANG_WARN_DIRECT_OBJC_ISA_USAGE = YES_ERROR;
				CLANG_WARN_EMPTY_BODY = YES;
				CLANG_WARN_ENUM_CONVERSION = YES;
				CLANG_WARN_INT_CONVERSION = YES;
				CLANG_WARN_OBJC_ROOT_CLASS = YES_ERROR;
				CLANG_WARN_UNREACHABLE_CODE = YES;
				CLANG_WARN__DUPLICATE_METHOD_MATCH = YES;
				"CODE_SIGN_IDENTITY[sdk=iphoneos*]" = "iPhone Developer";
				COPY_PHASE_STRIP = NO;
				ENABLE_STRICT_OBJC_MSGSEND = YES;
				GCC_C_LANGUAGE_STANDARD = gnu99;
				GCC_DYNAMIC_NO_PIC = NO;
				GCC_OPTIMIZATION_LEVEL = 0;
				GCC_PREPROCESSOR_DEFINITIONS = (
					"DEBUG=1",
					"$(inherited)",
				);
				GCC_SYMBOLS_PRIVATE_EXTERN = NO;
				GCC_WARN_64_TO_32_BIT_CONVERSION = YES;
				GCC_WARN_ABOUT_RETURN_TYPE = YES_ERROR;
				GCC_WARN_UNDECLARED_SELECTOR = YES;
				GCC_WARN_UNINITIALIZED_AUTOS = YES_AGGRESSIVE;
				GCC_WARN_UNUSED_FUNCTION = YES;
				GCC_WARN_UNUSED_VARIABLE = YES;
				IPHONEOS_DEPLOYMENT_TARGET = 8.0;
				MTL_ENABLE_DEBUG_INFO = YES;
				ONLY_ACTIVE_ARCH = YES;
				SDKROOT = iphoneos;
				SWIFT_OPTIMIZATION_LEVEL = "-Onone";
			};
			name = Debug;
		};
		CC4DAD4B1999E7A4001A4CBE /* Release */ = {
			isa = XCBuildConfiguration;
			buildSettings = {
				ALWAYS_SEARCH_USER_PATHS = NO;
				CLANG_CXX_LANGUAGE_STANDARD = "gnu++0x";
				CLANG_CXX_LIBRARY = "libc++";
				CLANG_ENABLE_MODULES = YES;
				CLANG_ENABLE_OBJC_ARC = YES;
				CLANG_WARN_BOOL_CONVERSION = YES;
				CLANG_WARN_CONSTANT_CONVERSION = YES;
				CLANG_WARN_DIRECT_OBJC_ISA_USAGE = YES_ERROR;
				CLANG_WARN_EMPTY_BODY = YES;
				CLANG_WARN_ENUM_CONVERSION = YES;
				CLANG_WARN_INT_CONVERSION = YES;
				CLANG_WARN_OBJC_ROOT_CLASS = YES_ERROR;
				CLANG_WARN_UNREACHABLE_CODE = YES;
				CLANG_WARN__DUPLICATE_METHOD_MATCH = YES;
				"CODE_SIGN_IDENTITY[sdk=iphoneos*]" = "iPhone Developer";
				COPY_PHASE_STRIP = YES;
				ENABLE_NS_ASSERTIONS = NO;
				ENABLE_STRICT_OBJC_MSGSEND = YES;
				GCC_C_LANGUAGE_STANDARD = gnu99;
				GCC_WARN_64_TO_32_BIT_CONVERSION = YES;
				GCC_WARN_ABOUT_RETURN_TYPE = YES_ERROR;
				GCC_WARN_UNDECLARED_SELECTOR = YES;
				GCC_WARN_UNINITIALIZED_AUTOS = YES_AGGRESSIVE;
				GCC_WARN_UNUSED_FUNCTION = YES;
				GCC_WARN_UNUSED_VARIABLE = YES;
				IPHONEOS_DEPLOYMENT_TARGET = 8.0;
				MTL_ENABLE_DEBUG_INFO = NO;
				SDKROOT = iphoneos;
				VALIDATE_PRODUCT = YES;
			};
			name = Release;
		};
		CC4DAD4D1999E7A4001A4CBE /* Debug */ = {
			isa = XCBuildConfiguration;
			buildSettings = {
				ASSETCATALOG_COMPILER_APPICON_NAME = AppIcon;
				ASSETCATALOG_COMPILER_LAUNCHIMAGE_NAME = LaunchImage;
				INFOPLIST_FILE = NaviTest/Info.plist;
				LD_RUNPATH_SEARCH_PATHS = "$(inherited) @executable_path/Frameworks";
				PRODUCT_NAME = "$(TARGET_NAME)";
			};
			name = Debug;
		};
		CC4DAD4E1999E7A4001A4CBE /* Release */ = {
			isa = XCBuildConfiguration;
			buildSettings = {
				ASSETCATALOG_COMPILER_APPICON_NAME = AppIcon;
				ASSETCATALOG_COMPILER_LAUNCHIMAGE_NAME = LaunchImage;
				INFOPLIST_FILE = NaviTest/Info.plist;
				LD_RUNPATH_SEARCH_PATHS = "$(inherited) @executable_path/Frameworks";
				PRODUCT_NAME = "$(TARGET_NAME)";
			};
			name = Release;
		};
		CC4DAD501999E7A4001A4CBE /* Debug */ = {
			isa = XCBuildConfiguration;
			buildSettings = {
				BUNDLE_LOADER = "$(TEST_HOST)";
				FRAMEWORK_SEARCH_PATHS = (
					"$(SDKROOT)/Developer/Library/Frameworks",
					"$(inherited)",
				);
				GCC_PREPROCESSOR_DEFINITIONS = (
					"DEBUG=1",
					"$(inherited)",
				);
				INFOPLIST_FILE = NaviTestTests/Info.plist;
				LD_RUNPATH_SEARCH_PATHS = "$(inherited) @executable_path/Frameworks @loader_path/Frameworks";
				PRODUCT_NAME = "$(TARGET_NAME)";
				TEST_HOST = "$(BUILT_PRODUCTS_DIR)/NaviTest.app/NaviTest";
			};
			name = Debug;
		};
		CC4DAD511999E7A4001A4CBE /* Release */ = {
			isa = XCBuildConfiguration;
			buildSettings = {
				BUNDLE_LOADER = "$(TEST_HOST)";
				FRAMEWORK_SEARCH_PATHS = (
					"$(SDKROOT)/Developer/Library/Frameworks",
					"$(inherited)",
				);
				INFOPLIST_FILE = NaviTestTests/Info.plist;
				LD_RUNPATH_SEARCH_PATHS = "$(inherited) @executable_path/Frameworks @loader_path/Frameworks";
				PRODUCT_NAME = "$(TARGET_NAME)";
				TEST_HOST = "$(BUILT_PRODUCTS_DIR)/NaviTest.app/NaviTest";
			};
			name = Release;
		};
/* End XCBuildConfiguration section */

/* Begin XCConfigurationList section */
		CC4DAD2B1999E7A4001A4CBE /* Build configuration list for PBXProject "NaviTest" */ = {
			isa = XCConfigurationList;
			buildConfigurations = (
				CC4DAD4A1999E7A4001A4CBE /* Debug */,
				CC4DAD4B1999E7A4001A4CBE /* Release */,
			);
			defaultConfigurationIsVisible = 0;
			defaultConfigurationName = Release;
		};
		CC4DAD4C1999E7A4001A4CBE /* Build configuration list for PBXNativeTarget "NaviTest" */ = {
			isa = XCConfigurationList;
			buildConfigurations = (
				CC4DAD4D1999E7A4001A4CBE /* Debug */,
				CC4DAD4E1999E7A4001A4CBE /* Release */,
			);
			defaultConfigurationIsVisible = 0;
		};
		CC4DAD4F1999E7A4001A4CBE /* Build configuration list for PBXNativeTarget "NaviTestTests" */ = {
			isa = XCConfigurationList;
			buildConfigurations = (
				CC4DAD501999E7A4001A4CBE /* Debug */,
				CC4DAD511999E7A4001A4CBE /* Release */,
			);
			defaultConfigurationIsVisible = 0;
		};
/* End XCConfigurationList section */
	};
	rootObject = CC4DAD281999E7A4001A4CBE /* Project object */;
}
